
Microsoft Visual Studio Solution File, Format Version 12.00
# Visual Studio Version 17
VisualStudioVersion = 17.10.34818.151
MinimumVisualStudioVersion = 10.0.40219.1
Project("{9A19103F-16F7-4668-BE54-9A1E7A4F7556}") = "DotnetLab202405", "DotnetLab202405\DotnetLab202405.csproj", "{1447A1E4-573A-4CFB-A203-A54518CBFD20}"
EndProject
Global
	GlobalSection(SolutionConfigurationPlatforms) = preSolution
		Debug|Any CPU = Debug|Any CPU
		Release|Any CPU = Release|Any CPU
	EndGlobalSection
	GlobalSection(ProjectConfigurationPlatforms) = postSolution
		{1447A1E4-573A-4CFB-A203-A54518CBFD20}.Debug|Any CPU.ActiveCfg = Debug|Any CPU
		{1447A1E4-573A-4CFB-A203-A54518CBFD20}.Debug|Any CPU.Build.0 = Debug|Any CPU
		{1447A1E4-573A-4CFB-A203-A54518CBFD20}.Release|Any CPU.ActiveCfg = Release|Any CPU
		{1447A1E4-573A-4CFB-A203-A54518CBFD20}.Release|Any CPU.Build.0 = Release|Any CPU
	EndGlobalSection
	GlobalSection(SolutionProperties) = preSolution
		HideSolutionNode = FALSE
	EndGlobalSection
	GlobalSection(ExtensibilityGlobals) = postSolution
		SolutionGuid = {3A6F685E-547E-4904-8ADB-BECD3FA64C94}
	EndGlobalSection
EndGlobal
